<?xml version="1.0" encoding="utf-8"?>
<Project ToolsVersion="4.0" xmlns="http://schemas.microsoft.com/developer/msbuild/2003">
  <ItemGroup>
    <Filter Include="shared">
      <UniqueIdentifier>{4FC737F1-C7A5-4376-A066-2A32D752A2FF}</UniqueIdentifier>
    </Filter>
  </ItemGroup>
  <ItemGroup>
    <ClCompile Include="..\sources\shared\Console.cpp">
      <Filter>shared</Filter>
    </ClCompile>
    <ClCompile Include="..\sources\shared\Engine.cpp">
      <Filter>shared</Filter>
    </ClCompile>
    <ClCompile Include="..\sources\shared\Options.cpp">
      <Filter>shared</Filter>
    </ClCompile>
    <ClCompile Include="..\sources\2016\2016_01.cpp" />
    <ClCompile Include="..\sources\2016\2016_main.cpp" />
    <ClCompile Include="..\sources\shared\Output.cpp">
      <Filter>shared</Filter>
    </ClCompile>
    <ClCompile Include="..\sources\shared\Solution.cpp">
      <Filter>shared</Filter>
    </ClCompile>
    <ClCompile Include="..\sources\2016\2016_02.cpp" />
    <ClCompile Include="..\sources\2016\2016_03.cpp" />
    <ClCompile Include="..\sources\2016\2016_04.cpp" />
    <ClCompile Include="..\sources\2016\2016_05.cpp" />
    <ClCompile Include="..\sources\2016\2016_06.cpp" />
    <ClCompile Include="..\sources\2016\2016_07.cpp" />
    <ClCompile Include="..\sources\2016\2016_08.cpp" />
    <ClCompile Include="..\sources\2016\2016_09.cpp" />
    <ClCompile Include="..\sources\2016\2016_10.cpp" />
    <ClCompile Include="..\sources\2016\2016_11.cpp" />
    <ClCompile Include="..\sources\2016\2016_12.cpp" />
    <ClCompile Include="..\sources\2016\2016_13.cpp" />
    <ClCompile Include="..\sources\2016\2016_14.cpp" />
    <ClCompile Include="..\sources\2016\2016_15.cpp" />
    <ClCompile Include="..\sources\2016\2016_16.cpp" />
  </ItemGroup>
  <ItemGroup>
    <ClInclude Include="..\sources\shared\Console.h">
      <Filter>shared</Filter>
    </ClInclude>
    <ClInclude Include="..\sources\shared\Engine.h">
      <Filter>shared</Filter>
    </ClInclude>
    <ClInclude Include="..\sources\shared\Options.h">
      <Filter>shared</Filter>
    </ClInclude>
    <ClInclude Include="..\sources\shared\stl.h">
      <Filter>shared</Filter>
    </ClInclude>
    <ClInclude Include="..\sources\2016\2016_01.h" />
    <ClInclude Include="..\sources\2016\2016_puzzles.h" />
    <ClInclude Include="..\sources\shared\Output.h">
      <Filter>shared</Filter>
    </ClInclude>
    <ClInclude Include="..\sources\shared\Solution.h">
      <Filter>shared</Filter>
    </ClInclude>
    <ClInclude Include="..\sources\2016\2016_02.h" />
    <ClInclude Include="..\sources\2016\2016_03.h" />
    <ClInclude Include="..\sources\2016\2016_04.h" />
    <ClInclude Include="..\sources\2016\2016_05.h" />
    <ClInclude Include="..\sources\2016\2016_06.h" />
    <ClInclude Include="..\sources\2016\2016_07.h" />
    <ClInclude Include="..\sources\2016\2016_08.h" />
    <ClInclude Include="..\sources\2016\2016_09.h" />
    <ClInclude Include="..\sources\2016\2016_10.h" />
    <ClInclude Include="..\sources\2016\2016_11.h" />
    <ClInclude Include="..\sources\2016\2016_12.h" />
    <ClInclude Include="..\sources\2016\2016_13.h" />
    <ClInclude Include="..\sources\2016\2016_14.h" />
    <ClInclude Include="..\sources\2016\2016_15.h" />
    <ClInclude Include="..\sources\2016\2016_16.h" />
  </ItemGroup>
</Project>