<?xml version="1.0" encoding="utf-8"?>
<Project ToolsVersion="4.0" xmlns="http://schemas.microsoft.com/developer/msbuild/2003">
  <ItemGroup>
    <Filter Include="shared">
      <UniqueIdentifier>{4FC737F1-C7A5-4376-A066-2A32D752A2FF}</UniqueIdentifier>
    </Filter>
  </ItemGroup>
  <ItemGroup>
    <ClCompile Include="..\sources\shared\Console.cpp">
      <Filter>shared</Filter>
    </ClCompile>
    <ClCompile Include="..\sources\shared\Engine.cpp">
      <Filter>shared</Filter>
    </ClCompile>
    <ClCompile Include="..\sources\shared\Options.cpp">
      <Filter>shared</Filter>
    </ClCompile>
    <ClCompile Include="..\sources\2017\2017_01.cpp" />
    <ClCompile Include="..\sources\2017\2017_main.cpp" />
    <ClCompile Include="..\sources\2017\2017_02.cpp" />
    <ClCompile Include="..\sources\2017\2017_03.cpp" />
    <ClCompile Include="..\sources\2017\2017_04.cpp" />
    <ClCompile Include="..\sources\2017\2017_05.cpp" />
    <ClCompile Include="..\sources\2017\2017_06.cpp" />
    <ClCompile Include="..\sources\shared\Output.cpp">
      <Filter>shared</Filter>
    </ClCompile>
    <ClCompile Include="..\sources\shared\Solution.cpp">
      <Filter>shared</Filter>
    </ClCompile>
    <ClCompile Include="..\sources\2017\2017_07.cpp" />
    <ClCompile Include="..\sources\2017\2017_08.cpp" />
    <ClCompile Include="..\sources\2017\2017_09.cpp" />
    <ClCompile Include="..\sources\2017\2017_10.cpp" />
    <ClCompile Include="..\sources\2017\2017_11.cpp" />
    <ClCompile Include="..\sources\2017\2017_12.cpp" />
    <ClCompile Include="..\sources\2017\2017_13.cpp" />
    <ClCompile Include="..\sources\2017\KnotHash.cpp" />
    <ClCompile Include="..\sources\2017\2017_14.cpp" />
    <ClCompile Include="..\sources\2017\2017_15.cpp" />
    <ClCompile Include="..\sources\2017\2017_16.cpp" />
    <ClCompile Include="..\sources\2017\2017_17.cpp" />
    <ClCompile Include="..\sources\2017\2017_18.cpp" />
    <ClCompile Include="..\sources\2017\2017_19.cpp" />
    <ClCompile Include="..\sources\2017\2017_20.cpp" />
    <ClCompile Include="..\sources\2017\2017_21.cpp" />
  </ItemGroup>
  <ItemGroup>
    <ClInclude Include="..\sources\shared\Console.h">
      <Filter>shared</Filter>
    </ClInclude>
    <ClInclude Include="..\sources\shared\Engine.h">
      <Filter>shared</Filter>
    </ClInclude>
    <ClInclude Include="..\sources\shared\Options.h">
      <Filter>shared</Filter>
    </ClInclude>
    <ClInclude Include="..\sources\shared\stl.h">
      <Filter>shared</Filter>
    </ClInclude>
    <ClInclude Include="..\sources\2017\2017_01.h" />
    <ClInclude Include="..\sources\2017\2017_puzzles.h" />
    <ClInclude Include="..\sources\2017\2017_02.h" />
    <ClInclude Include="..\sources\2017\2017_03.h" />
    <ClInclude Include="..\sources\2017\2017_04.h" />
    <ClInclude Include="..\sources\2017\2017_05.h" />
    <ClInclude Include="..\sources\2017\2017_06.h" />
    <ClInclude Include="..\sources\shared\Output.h">
      <Filter>shared</Filter>
    </ClInclude>
    <ClInclude Include="..\sources\shared\Solution.h">
      <Filter>shared</Filter>
    </ClInclude>
    <ClInclude Include="..\sources\2017\2017_07.h" />
    <ClInclude Include="..\sources\2017\2017_08.h" />
    <ClInclude Include="..\sources\2017\2017_09.h" />
    <ClInclude Include="..\sources\2017\2017_10.h" />
    <ClInclude Include="..\sources\2017\2017_11.h" />
    <ClInclude Include="..\sources\2017\2017_12.h" />
    <ClInclude Include="..\sources\2017\2017_13.h" />
    <ClInclude Include="..\sources\2017\KnotHash.h" />
    <ClInclude Include="..\sources\2017\2017_14.h" />
    <ClInclude Include="..\sources\2017\2017_15.h" />
    <ClInclude Include="..\sources\2017\2017_16.h" />
    <ClInclude Include="..\sources\2017\2017_17.h" />
    <ClInclude Include="..\sources\2017\2017_18.h" />
    <ClInclude Include="..\sources\2017\2017_19.h" />
    <ClInclude Include="..\sources\2017\2017_20.h" />
    <ClInclude Include="..\sources\2017\2017_21.h" />
  </ItemGroup>
</Project>