<?xml version="1.0" encoding="utf-8"?>
<Project ToolsVersion="4.0" xmlns="http://schemas.microsoft.com/developer/msbuild/2003">
  <ItemGroup>
    <Filter Include="shared">
      <UniqueIdentifier>{4FC737F1-C7A5-4376-A066-2A32D752A2FF}</UniqueIdentifier>
    </Filter>
  </ItemGroup>
  <ItemGroup>
    <ClCompile Include="..\sources\shared\Console.cpp">
      <Filter>shared</Filter>
    </ClCompile>
    <ClCompile Include="..\sources\shared\Engine.cpp">
      <Filter>shared</Filter>
    </ClCompile>
    <ClCompile Include="..\sources\shared\Options.cpp">
      <Filter>shared</Filter>
    </ClCompile>
    <ClCompile Include="..\sources\2022\2022_01.cpp" />
    <ClCompile Include="..\sources\2022\2022_main.cpp" />
    <ClCompile Include="..\sources\shared\Output.cpp">
      <Filter>shared</Filter>
    </ClCompile>
    <ClCompile Include="..\sources\shared\Solution.cpp">
      <Filter>shared</Filter>
    </ClCompile>
    <ClCompile Include="..\sources\2022\2022_02.cpp" />
    <ClCompile Include="..\sources\2022\2022_03.cpp" />
    <ClCompile Include="..\sources\2022\2022_04.cpp" />
    <ClCompile Include="..\sources\2022\2022_05.cpp" />
    <ClCompile Include="..\sources\2022\2022_06.cpp" />
    <ClCompile Include="..\sources\2022\2022_07.cpp" />
    <ClCompile Include="..\sources\2022\2022_08.cpp" />
  </ItemGroup>
  <ItemGroup>
    <ClInclude Include="..\sources\shared\Console.h">
      <Filter>shared</Filter>
    </ClInclude>
    <ClInclude Include="..\sources\shared\Engine.h">
      <Filter>shared</Filter>
    </ClInclude>
    <ClInclude Include="..\sources\shared\Options.h">
      <Filter>shared</Filter>
    </ClInclude>
    <ClInclude Include="..\sources\shared\stl.h">
      <Filter>shared</Filter>
    </ClInclude>
    <ClInclude Include="..\sources\2022\2022_puzzles.h" />
    <ClInclude Include="..\sources\shared\Output.h">
      <Filter>shared</Filter>
    </ClInclude>
    <ClInclude Include="..\sources\shared\Solution.h">
      <Filter>shared</Filter>
    </ClInclude>
    <ClInclude Include="..\sources\2022\2022_02.h" />
    <ClInclude Include="..\sources\2022\2022_03.h" />
    <ClInclude Include="..\sources\2022\2022_04.h" />
    <ClInclude Include="..\sources\2022\2022_05.h" />
    <ClInclude Include="..\sources\2022\2022_06.h" />
    <ClInclude Include="..\sources\2022\2022_01.h" />
    <ClInclude Include="..\sources\2022\2022_07.h" />
    <ClInclude Include="..\sources\2022\2022_08.h" />
  </ItemGroup>
</Project>