
Microsoft Visual Studio Solution File, Format Version 12.00
# Visual Studio Version 16
VisualStudioVersion = 16.0.30804.86
MinimumVisualStudioVersion = 10.0.40219.1
Project("{8BC9CEB8-8B4A-11D0-8D11-00A0C91BC942}") = "2015", "2015.vcxproj", "{3B9B7C72-C78E-49BF-BE42-C3AB9E703CBE}"
EndProject
Project("{8BC9CEB8-8B4A-11D0-8D11-00A0C91BC942}") = "2016", "2016.vcxproj", "{1965E02D-4B32-4D66-AD18-450061E1594F}"
EndProject
Project("{8BC9CEB8-8B4A-11D0-8D11-00A0C91BC942}") = "2019", "2019.vcxproj", "{E6E1A85D-6098-40DB-ABA5-64D5428669AD}"
EndProject
Project("{8BC9CEB8-8B4A-11D0-8D11-00A0C91BC942}") = "2020", "2020.vcxproj", "{20A7C7A8-CAFC-4335-979A-8CB5B19856E8}"
EndProject
Project("{8BC9CEB8-8B4A-11D0-8D11-00A0C91BC942}") = "2021", "2021.vcxproj", "{414C8BC8-36B3-4177-B2D5-56E4F0B8EA58}"
EndProject
Project("{8BC9CEB8-8B4A-11D0-8D11-00A0C91BC942}") = "2017", "2017.vcxproj", "{34DD357D-A74E-4EB8-8C76-8153AF86ECAD}"
EndProject
Project("{8BC9CEB8-8B4A-11D0-8D11-00A0C91BC942}") = "2018", "2018.vcxproj", "{691C9200-054A-43B6-A810-6AD571EFBF0E}"
EndProject
Project("{8BC9CEB8-8B4A-11D0-8D11-00A0C91BC942}") = "2022", "2022.vcxproj", "{E15260E0-8D76-49DB-9C12-3029CFD4DD7C}"
EndProject
Global
	GlobalSection(SolutionConfigurationPlatforms) = preSolution
		Debug|x64 = Debug|x64
		Debug|x86 = Debug|x86
		Release|x64 = Release|x64
		Release|x86 = Release|x86
	EndGlobalSection
	GlobalSection(ProjectConfigurationPlatforms) = postSolution
		{3B9B7C72-C78E-49BF-BE42-C3AB9E703CBE}.Debug|x64.ActiveCfg = Debug|x64
		{3B9B7C72-C78E-49BF-BE42-C3AB9E703CBE}.Debug|x64.Build.0 = Debug|x64
		{3B9B7C72-C78E-49BF-BE42-C3AB9E703CBE}.Debug|x86.ActiveCfg = Debug|Win32
		{3B9B7C72-C78E-49BF-BE42-C3AB9E703CBE}.Debug|x86.Build.0 = Debug|Win32
		{3B9B7C72-C78E-49BF-BE42-C3AB9E703CBE}.Release|x64.ActiveCfg = Release|x64
		{3B9B7C72-C78E-49BF-BE42-C3AB9E703CBE}.Release|x64.Build.0 = Release|x64
		{3B9B7C72-C78E-49BF-BE42-C3AB9E703CBE}.Release|x86.ActiveCfg = Release|Win32
		{3B9B7C72-C78E-49BF-BE42-C3AB9E703CBE}.Release|x86.Build.0 = Release|Win32
		{1965E02D-4B32-4D66-AD18-450061E1594F}.Debug|x64.ActiveCfg = Debug|x64
		{1965E02D-4B32-4D66-AD18-450061E1594F}.Debug|x64.Build.0 = Debug|x64
		{1965E02D-4B32-4D66-AD18-450061E1594F}.Debug|x86.ActiveCfg = Debug|Win32
		{1965E02D-4B32-4D66-AD18-450061E1594F}.Debug|x86.Build.0 = Debug|Win32
		{1965E02D-4B32-4D66-AD18-450061E1594F}.Release|x64.ActiveCfg = Release|x64
		{1965E02D-4B32-4D66-AD18-450061E1594F}.Release|x64.Build.0 = Release|x64
		{1965E02D-4B32-4D66-AD18-450061E1594F}.Release|x86.ActiveCfg = Release|Win32
		{1965E02D-4B32-4D66-AD18-450061E1594F}.Release|x86.Build.0 = Release|Win32
		{E6E1A85D-6098-40DB-ABA5-64D5428669AD}.Debug|x64.ActiveCfg = Debug|x64
		{E6E1A85D-6098-40DB-ABA5-64D5428669AD}.Debug|x64.Build.0 = Debug|x64
		{E6E1A85D-6098-40DB-ABA5-64D5428669AD}.Debug|x86.ActiveCfg = Debug|Win32
		{E6E1A85D-6098-40DB-ABA5-64D5428669AD}.Debug|x86.Build.0 = Debug|Win32
		{E6E1A85D-6098-40DB-ABA5-64D5428669AD}.Release|x64.ActiveCfg = Release|x64
		{E6E1A85D-6098-40DB-ABA5-64D5428669AD}.Release|x64.Build.0 = Release|x64
		{E6E1A85D-6098-40DB-ABA5-64D5428669AD}.Release|x86.ActiveCfg = Release|Win32
		{E6E1A85D-6098-40DB-ABA5-64D5428669AD}.Release|x86.Build.0 = Release|Win32
		{20A7C7A8-CAFC-4335-979A-8CB5B19856E8}.Debug|x64.ActiveCfg = Debug|x64
		{20A7C7A8-CAFC-4335-979A-8CB5B19856E8}.Debug|x64.Build.0 = Debug|x64
		{20A7C7A8-CAFC-4335-979A-8CB5B19856E8}.Debug|x86.ActiveCfg = Debug|Win32
		{20A7C7A8-CAFC-4335-979A-8CB5B19856E8}.Debug|x86.Build.0 = Debug|Win32
		{20A7C7A8-CAFC-4335-979A-8CB5B19856E8}.Release|x64.ActiveCfg = Release|x64
		{20A7C7A8-CAFC-4335-979A-8CB5B19856E8}.Release|x64.Build.0 = Release|x64
		{20A7C7A8-CAFC-4335-979A-8CB5B19856E8}.Release|x86.ActiveCfg = Release|Win32
		{20A7C7A8-CAFC-4335-979A-8CB5B19856E8}.Release|x86.Build.0 = Release|Win32
		{414C8BC8-36B3-4177-B2D5-56E4F0B8EA58}.Debug|x64.ActiveCfg = Debug|x64
		{414C8BC8-36B3-4177-B2D5-56E4F0B8EA58}.Debug|x64.Build.0 = Debug|x64
		{414C8BC8-36B3-4177-B2D5-56E4F0B8EA58}.Debug|x86.ActiveCfg = Debug|Win32
		{414C8BC8-36B3-4177-B2D5-56E4F0B8EA58}.Debug|x86.Build.0 = Debug|Win32
		{414C8BC8-36B3-4177-B2D5-56E4F0B8EA58}.Release|x64.ActiveCfg = Release|x64
		{414C8BC8-36B3-4177-B2D5-56E4F0B8EA58}.Release|x64.Build.0 = Release|x64
		{414C8BC8-36B3-4177-B2D5-56E4F0B8EA58}.Release|x86.ActiveCfg = Release|Win32
		{414C8BC8-36B3-4177-B2D5-56E4F0B8EA58}.Release|x86.Build.0 = Release|Win32
		{34DD357D-A74E-4EB8-8C76-8153AF86ECAD}.Debug|x64.ActiveCfg = Debug|x64
		{34DD357D-A74E-4EB8-8C76-8153AF86ECAD}.Debug|x64.Build.0 = Debug|x64
		{34DD357D-A74E-4EB8-8C76-8153AF86ECAD}.Debug|x86.ActiveCfg = Debug|Win32
		{34DD357D-A74E-4EB8-8C76-8153AF86ECAD}.Debug|x86.Build.0 = Debug|Win32
		{34DD357D-A74E-4EB8-8C76-8153AF86ECAD}.Release|x64.ActiveCfg = Release|x64
		{34DD357D-A74E-4EB8-8C76-8153AF86ECAD}.Release|x64.Build.0 = Release|x64
		{34DD357D-A74E-4EB8-8C76-8153AF86ECAD}.Release|x86.ActiveCfg = Release|Win32
		{34DD357D-A74E-4EB8-8C76-8153AF86ECAD}.Release|x86.Build.0 = Release|Win32
		{691C9200-054A-43B6-A810-6AD571EFBF0E}.Debug|x64.ActiveCfg = Debug|x64
		{691C9200-054A-43B6-A810-6AD571EFBF0E}.Debug|x64.Build.0 = Debug|x64
		{691C9200-054A-43B6-A810-6AD571EFBF0E}.Debug|x86.ActiveCfg = Debug|Win32
		{691C9200-054A-43B6-A810-6AD571EFBF0E}.Debug|x86.Build.0 = Debug|Win32
		{691C9200-054A-43B6-A810-6AD571EFBF0E}.Release|x64.ActiveCfg = Release|x64
		{691C9200-054A-43B6-A810-6AD571EFBF0E}.Release|x64.Build.0 = Release|x64
		{691C9200-054A-43B6-A810-6AD571EFBF0E}.Release|x86.ActiveCfg = Release|Win32
		{691C9200-054A-43B6-A810-6AD571EFBF0E}.Release|x86.Build.0 = Release|Win32
		{E15260E0-8D76-49DB-9C12-3029CFD4DD7C}.Debug|x64.ActiveCfg = Debug|x64
		{E15260E0-8D76-49DB-9C12-3029CFD4DD7C}.Debug|x64.Build.0 = Debug|x64
		{E15260E0-8D76-49DB-9C12-3029CFD4DD7C}.Debug|x86.ActiveCfg = Debug|Win32
		{E15260E0-8D76-49DB-9C12-3029CFD4DD7C}.Debug|x86.Build.0 = Debug|Win32
		{E15260E0-8D76-49DB-9C12-3029CFD4DD7C}.Release|x64.ActiveCfg = Release|x64
		{E15260E0-8D76-49DB-9C12-3029CFD4DD7C}.Release|x64.Build.0 = Release|x64
		{E15260E0-8D76-49DB-9C12-3029CFD4DD7C}.Release|x86.ActiveCfg = Release|Win32
		{E15260E0-8D76-49DB-9C12-3029CFD4DD7C}.Release|x86.Build.0 = Release|Win32
	EndGlobalSection
	GlobalSection(SolutionProperties) = preSolution
		HideSolutionNode = FALSE
	EndGlobalSection
	GlobalSection(ExtensibilityGlobals) = postSolution
		SolutionGuid = {7C576C63-5802-4241-84E9-D27C6FEB0679}
	EndGlobalSection
EndGlobal
