
Microsoft Visual Studio Solution File, Format Version 12.00
# Visual Studio Version 16
VisualStudioVersion = 16.0.30804.86
MinimumVisualStudioVersion = 10.0.40219.1
Project("{8BC9CEB8-8B4A-11D0-8D11-00A0C91BC942}") = "2015_with_CUDA", "2015_with_CUDA.vcxproj", "{6396B858-CC8B-4BB2-8931-17208F2F06F1}"
EndProject
Global
	GlobalSection(SolutionConfigurationPlatforms) = preSolution
		Debug|x64 = Debug|x64
		Release|x64 = Release|x64
	EndGlobalSection
	GlobalSection(ProjectConfigurationPlatforms) = postSolution
		{6396B858-CC8B-4BB2-8931-17208F2F06F1}.Debug|x64.ActiveCfg = Debug|x64
		{6396B858-CC8B-4BB2-8931-17208F2F06F1}.Debug|x64.Build.0 = Debug|x64
		{6396B858-CC8B-4BB2-8931-17208F2F06F1}.Release|x64.ActiveCfg = Release|x64
		{6396B858-CC8B-4BB2-8931-17208F2F06F1}.Release|x64.Build.0 = Release|x64
	EndGlobalSection
	GlobalSection(SolutionProperties) = preSolution
		HideSolutionNode = FALSE
	EndGlobalSection
	GlobalSection(ExtensibilityGlobals) = postSolution
		SolutionGuid = {6A9DEBCA-1AC6-44C7-98CB-DB4094CCAE8A}
	EndGlobalSection
EndGlobal
